// !$*UTF8*$!
{
	archiveVersion = 1;
	classes = {
	};
	objectVersion = 46;
	objects = {

/* Begin PBXBuildFile section */
		30026D8B1F0B322000043D79 /* AboutViewController.swift in Sources */ = {isa = PBXBuildFile; fileRef = 30026D8A1F0B322000043D79 /* AboutViewController.swift */; };
		30026D8D1F0B328000043D79 /* SettingsTableViewController.swift in Sources */ = {isa = PBXBuildFile; fileRef = 30026D8C1F0B328000043D79 /* SettingsTableViewController.swift */; };
		30026D8F1F0C2A6000043D79 /* DownloadTableViewCell.swift in Sources */ = {isa = PBXBuildFile; fileRef = 30026D8E1F0C2A6000043D79 /* DownloadTableViewCell.swift */; };
		300CF2561F305D53006C397D /* URL+Converters.swift in Sources */ = {isa = PBXBuildFile; fileRef = 300CF2551F305D53006C397D /* URL+Converters.swift */; };
		3011B7171FC41E9D000EAE10 /* UIViewController+ShowToast.swift in Sources */ = {isa = PBXBuildFile; fileRef = 3011B7161FC41E9D000EAE10 /* UIViewController+ShowToast.swift */; };
		301E0E541F96F9510062BEA4 /* Utilities.swift in Sources */ = {isa = PBXBuildFile; fileRef = 301E0E531F96F9510062BEA4 /* Utilities.swift */; };
		301EA22B1F9DA2B6005A3DF2 /* FindBrowseGroupsViewController.swift in Sources */ = {isa = PBXBuildFile; fileRef = 301EA22A1F9DA2B6005A3DF2 /* FindBrowseGroupsViewController.swift */; };
		301EA22D1F9DA371005A3DF2 /* FindBrowsePodcastsViewController.swift in Sources */ = {isa = PBXBuildFile; fileRef = 301EA22C1F9DA371005A3DF2 /* FindBrowsePodcastsViewController.swift */; };
		30252FB9209584F5008C6FCC /* WebKitViewController.swift in Sources */ = {isa = PBXBuildFile; fileRef = 30252FB8209584F5008C6FCC /* WebKitViewController.swift */; };
		30284E9020143077001C9CEF /* SyncablePodcast.swift in Sources */ = {isa = PBXBuildFile; fileRef = 30284E8F20143077001C9CEF /* SyncablePodcast.swift */; };
		302D55111EC157960032D0A0 /* PVViewController.swift in Sources */ = {isa = PBXBuildFile; fileRef = 302D55101EC157960032D0A0 /* PVViewController.swift */; };
		303D1CCC1F9BE7F600F25CDF /* SearchPodcastViewController.swift in Sources */ = {isa = PBXBuildFile; fileRef = 303D1CCB1F9BE7F600F25CDF /* SearchPodcastViewController.swift */; };
		3048E8881EDA7124001AADCE /* MediaRef.swift in Sources */ = {isa = PBXBuildFile; fileRef = 3048E8871EDA7124001AADCE /* MediaRef.swift */; };
		3048E88A1EDD1B1A001AADCE /* Int64+MediaPlayerString.swift in Sources */ = {isa = PBXBuildFile; fileRef = 3048E8891EDD1B1A001AADCE /* Int64+MediaPlayerString.swift */; };
		3051488B1ED27251009BC839 /* PlayerHistoryItem.swift in Sources */ = {isa = PBXBuildFile; fileRef = 3051488A1ED27251009BC839 /* PlayerHistoryItem.swift */; };
		3051488D1ED27534009BC839 /* PVPlayerHistoryManager.swift in Sources */ = {isa = PBXBuildFile; fileRef = 3051488C1ED27534009BC839 /* PVPlayerHistoryManager.swift */; };
		306370BA210522FC009B4FEC /* String+ConvertPlaybackTimeToUrlSchemeElements.swift in Sources */ = {isa = PBXBuildFile; fileRef = 306370B9210522FC009B4FEC /* String+ConvertPlaybackTimeToUrlSchemeElements.swift */; };
		306370BC21053772009B4FEC /* String+MediaPlayerTimeToSeconds.swift in Sources */ = {isa = PBXBuildFile; fileRef = 306370BB21053772009B4FEC /* String+MediaPlayerTimeToSeconds.swift */; };
		306370BE21110F3F009B4FEC /* URL+getQueryParamValue.swift in Sources */ = {isa = PBXBuildFile; fileRef = 306370BD21110F3F009B4FEC /* URL+getQueryParamValue.swift */; };
		307EDB381F72244C009B230A /* ParsingPodcasts.swift in Sources */ = {isa = PBXBuildFile; fileRef = 307EDB371F72244C009B230A /* ParsingPodcasts.swift */; };
		307F2BB11F81DDF800A0BD21 /* EpisodeTableViewController.swift in Sources */ = {isa = PBXBuildFile; fileRef = 307F2BB01F81DDF800A0BD21 /* EpisodeTableViewController.swift */; };
		30934B581F9ED4A300B51CB4 /* SearchCategory.swift in Sources */ = {isa = PBXBuildFile; fileRef = 30934B571F9ED4A300B51CB4 /* SearchCategory.swift */; };
		30934B5A1F9EDDE100B51CB4 /* SearchNetwork.swift in Sources */ = {isa = PBXBuildFile; fileRef = 30934B591F9EDDE100B51CB4 /* SearchNetwork.swift */; };
		3093DC281FC275BB0060DDC0 /* DeletingPodcasts.swift in Sources */ = {isa = PBXBuildFile; fileRef = 3093DC271FC275BB0060DDC0 /* DeletingPodcasts.swift */; };
		3095EF061EBC396F00F0E043 /* Auth0.plist in Resources */ = {isa = PBXBuildFile; fileRef = 3095EF051EBC396F00F0E043 /* Auth0.plist */; };
		3097AA8D1EE7BEC900AD0ED0 /* ClipsTableViewController.swift in Sources */ = {isa = PBXBuildFile; fileRef = 3097AA8C1EE7BEC900AD0ED0 /* ClipsTableViewController.swift */; };
		3097AA8F1EE7C1D500AD0ED0 /* ClipTableViewCell.swift in Sources */ = {isa = PBXBuildFile; fileRef = 3097AA8E1EE7C1D500AD0ED0 /* ClipTableViewCell.swift */; };
		3097AA911EE7C7D200AD0ED0 /* DownloadsTableViewController.swift in Sources */ = {isa = PBXBuildFile; fileRef = 3097AA901EE7C7D200AD0ED0 /* DownloadsTableViewController.swift */; };
		309BFE161F0A04F8008D101B /* Array+rearrange.swift in Sources */ = {isa = PBXBuildFile; fileRef = 309BFE151F0A04F8008D101B /* Array+rearrange.swift */; };
		30A0A4941F1AD6A500242F85 /* NowPlayingBar.swift in Sources */ = {isa = PBXBuildFile; fileRef = 30A0A4931F1AD6A500242F85 /* NowPlayingBar.swift */; };
		30A0A4961F1ADAA200242F85 /* NowPlayingBar.xib in Resources */ = {isa = PBXBuildFile; fileRef = 30A0A4951F1ADAA200242F85 /* NowPlayingBar.xib */; };
		30A2E571203B1A4F001713E3 /* UIViewController+AllowCellularDataDownloadsAlert.swift in Sources */ = {isa = PBXBuildFile; fileRef = 30A2E570203B1A4F001713E3 /* UIViewController+AllowCellularDataDownloadsAlert.swift */; };
		30A56B1A1F4C00DB007513F6 /* PlaylistTableViewCell.swift in Sources */ = {isa = PBXBuildFile; fileRef = 30A56B191F4C00DB007513F6 /* PlaylistTableViewCell.swift */; };
		30A56B1C1F4EB575007513F6 /* PlaylistDetailTableViewCell.swift in Sources */ = {isa = PBXBuildFile; fileRef = 30A56B1B1F4EB575007513F6 /* PlaylistDetailTableViewCell.swift */; };
		30A56B1E1F4EB6FC007513F6 /* PlaylistDetailTableViewController.swift in Sources */ = {isa = PBXBuildFile; fileRef = 30A56B1D1F4EB6FC007513F6 /* PlaylistDetailTableViewController.swift */; };
		30A56B201F5247C7007513F6 /* AddToPlaylistViewController.swift in Sources */ = {isa = PBXBuildFile; fileRef = 30A56B1F1F5247C7007513F6 /* AddToPlaylistViewController.swift */; };
		30A56B221F5247DF007513F6 /* MakeClipTimeViewController.swift in Sources */ = {isa = PBXBuildFile; fileRef = 30A56B211F5247DF007513F6 /* MakeClipTimeViewController.swift */; };
		30A575661EBECFF90088CCA6 /* EpisodesTableViewController.swift in Sources */ = {isa = PBXBuildFile; fileRef = 30A575651EBECFF90088CCA6 /* EpisodesTableViewController.swift */; };
		30A575681EBED8360088CCA6 /* EpisodeTableViewCell.swift in Sources */ = {isa = PBXBuildFile; fileRef = 30A575671EBED8360088CCA6 /* EpisodeTableViewCell.swift */; };
		30B427F21EBE4CB100BAD942 /* PVSubscriber.swift in Sources */ = {isa = PBXBuildFile; fileRef = 30B427F11EBE4CB100BAD942 /* PVSubscriber.swift */; };
		30C011132019DF8200E5E7E5 /* SearchEpisode.swift in Sources */ = {isa = PBXBuildFile; fileRef = 30C011122019DF8200E5E7E5 /* SearchEpisode.swift */; };
		30CD6ADA2079670000D5C9C5 /* Date+FeedsDate.swift in Sources */ = {isa = PBXBuildFile; fileRef = 30CD6AD92079670000D5C9C5 /* Date+FeedsDate.swift */; };
		30CD6ADC2079673200D5C9C5 /* String+RemoveHTMLCharacters.swift in Sources */ = {isa = PBXBuildFile; fileRef = 30CD6ADB2079673200D5C9C5 /* String+RemoveHTMLCharacters.swift */; };
		30CD6ADE2079689000D5C9C5 /* String+Utilities.swift in Sources */ = {isa = PBXBuildFile; fileRef = 30CD6ADD2079689000D5C9C5 /* String+Utilities.swift */; };
		30DBD4D31F11B05900A431E6 /* OAuth2RetryHandler.swift in Sources */ = {isa = PBXBuildFile; fileRef = 30DBD4D21F11B05900A431E6 /* OAuth2RetryHandler.swift */; };
		30DBD4D51F11DBFA00A431E6 /* FindSearchTableViewController.swift in Sources */ = {isa = PBXBuildFile; fileRef = 30DBD4D41F11DBFA00A431E6 /* FindSearchTableViewController.swift */; };
		30DBD4D91F11F42B00A431E6 /* PodcastSearchResultTableViewCell.swift in Sources */ = {isa = PBXBuildFile; fileRef = 30DBD4D81F11F42B00A431E6 /* PodcastSearchResultTableViewCell.swift */; };
		30EA456D1F68B48900573554 /* ClipEpisodeTableViewCell.swift in Sources */ = {isa = PBXBuildFile; fileRef = 30EA456C1F68B48900573554 /* ClipEpisodeTableViewCell.swift */; };
		30EA456F1F68B49700573554 /* ClipPodcastTableViewCell.swift in Sources */ = {isa = PBXBuildFile; fileRef = 30EA456E1F68B49700573554 /* ClipPodcastTableViewCell.swift */; };
		30EB67781ECCAB2800C5AB80 /* MediaPlayerViewController.swift in Sources */ = {isa = PBXBuildFile; fileRef = 30EB67771ECCAB2800C5AB80 /* MediaPlayerViewController.swift */; };
		6626B86F5CD704274D598AF8 /* Pods_PodverseUITests.framework in Frameworks */ = {isa = PBXBuildFile; fileRef = 9ED28C8E3399F9362A52A254 /* Pods_PodverseUITests.framework */; };
		729D7978DAF013967CCB9783 /* Pods_PodverseTests.framework in Frameworks */ = {isa = PBXBuildFile; fileRef = 3DFC5776ED8A1D348AD0DD0F /* Pods_PodverseTests.framework */; };
		E70E4A1A1E038F8F003CEC64 /* PodcastsTableViewController.swift in Sources */ = {isa = PBXBuildFile; fileRef = E70E4A191E038F8F003CEC64 /* PodcastsTableViewController.swift */; };
		E70E4A1D1E038FC6003CEC64 /* PlaylistsTableViewController.swift in Sources */ = {isa = PBXBuildFile; fileRef = E70E4A1C1E038FC6003CEC64 /* PlaylistsTableViewController.swift */; };
		E70E4A1F1E039047003CEC64 /* FindTableViewController.swift in Sources */ = {isa = PBXBuildFile; fileRef = E70E4A1E1E039047003CEC64 /* FindTableViewController.swift */; };
		E70E4A231E03907A003CEC64 /* MoreTableViewController.swift in Sources */ = {isa = PBXBuildFile; fileRef = E70E4A221E03907A003CEC64 /* MoreTableViewController.swift */; };
		E7299F121F19368400AB3168 /* AboutPlayingItemViewController.swift in Sources */ = {isa = PBXBuildFile; fileRef = E7299F111F19368400AB3168 /* AboutPlayingItemViewController.swift */; };
		E73AAFC91F7218FC0029EA77 /* UITableView+NotAvailableView.swift in Sources */ = {isa = PBXBuildFile; fileRef = E73AAFC81F7218FC0029EA77 /* UITableView+NotAvailableView.swift */; };
		E76C49C61E0F8DFE00F81217 /* PVDownloader.swift in Sources */ = {isa = PBXBuildFile; fileRef = E76C49C51E0F8DFE00F81217 /* PVDownloader.swift */; };
		E76C49C81E0F94BF00F81217 /* DownloadingEpisodeList.swift in Sources */ = {isa = PBXBuildFile; fileRef = E76C49C71E0F94BF00F81217 /* DownloadingEpisodeList.swift */; };
		E76C49CA1E0F950E00F81217 /* DownloadingEpisode.swift in Sources */ = {isa = PBXBuildFile; fileRef = E76C49C91E0F950E00F81217 /* DownloadingEpisode.swift */; };
		E78BF9311E0FA64F002194FE /* PVReachability.swift in Sources */ = {isa = PBXBuildFile; fileRef = E78BF9301E0FA64F002194FE /* PVReachability.swift */; };
		E79515DD1E03853500382BF8 /* AppDelegate.swift in Sources */ = {isa = PBXBuildFile; fileRef = E79515DC1E03853500382BF8 /* AppDelegate.swift */; };
		E79515E41E03853500382BF8 /* Main.storyboard in Resources */ = {isa = PBXBuildFile; fileRef = E79515E21E03853500382BF8 /* Main.storyboard */; };
		E79515E61E03853500382BF8 /* Assets.xcassets in Resources */ = {isa = PBXBuildFile; fileRef = E79515E51E03853500382BF8 /* Assets.xcassets */; };
		E79515E91E03853500382BF8 /* LaunchScreen.storyboard in Resources */ = {isa = PBXBuildFile; fileRef = E79515E71E03853500382BF8 /* LaunchScreen.storyboard */; };
		E79515F41E03853500382BF8 /* PodverseTests.swift in Sources */ = {isa = PBXBuildFile; fileRef = E79515F31E03853500382BF8 /* PodverseTests.swift */; };
		E79515FF1E03853500382BF8 /* PodverseUITests.swift in Sources */ = {isa = PBXBuildFile; fileRef = E79515FE1E03853500382BF8 /* PodverseUITests.swift */; };
		E7AD9A981EDDF7160093F051 /* ClipsListContainerViewController.swift in Sources */ = {isa = PBXBuildFile; fileRef = E7AD9A971EDDF7160093F051 /* ClipsListContainerViewController.swift */; };
		E7B01EC31F8497CE00F61CB7 /* FiltersTableHeaderView.swift in Sources */ = {isa = PBXBuildFile; fileRef = E7B01EC21F8497CE00F61CB7 /* FiltersTableHeaderView.swift */; };
		E7B2A5971E11F95C00AAE036 /* PVMediaPlayer.swift in Sources */ = {isa = PBXBuildFile; fileRef = E7B2A5961E11F95C00AAE036 /* PVMediaPlayer.swift */; };
		E7B2A59B1E12111500AAE036 /* URL+RemoteSize.swift in Sources */ = {isa = PBXBuildFile; fileRef = E7B2A59A1E12111500AAE036 /* URL+RemoteSize.swift */; };
		E7B2A59D1E123A4400AAE036 /* UIViewController+InternetRequiredAlert.swift in Sources */ = {isa = PBXBuildFile; fileRef = E7B2A59C1E123A4400AAE036 /* UIViewController+InternetRequiredAlert.swift */; };
		E7B2A5A11E123E9900AAE036 /* PVAuth.swift in Sources */ = {isa = PBXBuildFile; fileRef = E7B2A5A01E123E9900AAE036 /* PVAuth.swift */; };
		E7B2A5A41E12CC5A00AAE036 /* PodcastTableViewCell.swift in Sources */ = {isa = PBXBuildFile; fileRef = E7B2A5A31E12CC5A00AAE036 /* PodcastTableViewCell.swift */; };
		E7B2A5A61E12D38200AAE036 /* String+CharacterManipulation.swift in Sources */ = {isa = PBXBuildFile; fileRef = E7B2A5A51E12D38200AAE036 /* String+CharacterManipulation.swift */; };
		E7B2A5A81E16246B00AAE036 /* LoginViewController.swift in Sources */ = {isa = PBXBuildFile; fileRef = E7B2A5A71E16246B00AAE036 /* LoginViewController.swift */; };
		E7B2A5AA1E162AE400AAE036 /* Date+Formatters.swift in Sources */ = {isa = PBXBuildFile; fileRef = E7B2A5A91E162AE400AAE036 /* Date+Formatters.swift */; };
		E7B2A5AC1E162B8500AAE036 /* String+Formatters.swift in Sources */ = {isa = PBXBuildFile; fileRef = E7B2A5AB1E162B8500AAE036 /* String+Formatters.swift */; };
		E7D25BC01E0F096A00B60368 /* PVTimeHelpers.swift in Sources */ = {isa = PBXBuildFile; fileRef = E7D25BBF1E0F096A00B60368 /* PVTimeHelpers.swift */; };
		E7D25BC21E0F118C00B60368 /* PVFeedParser.swift in Sources */ = {isa = PBXBuildFile; fileRef = E7D25BC11E0F118C00B60368 /* PVFeedParser.swift */; };
		E7D25BC41E0F13D300B60368 /* Podcast.swift in Sources */ = {isa = PBXBuildFile; fileRef = E7D25BC31E0F13D300B60368 /* Podcast.swift */; };
		E7D25BC61E0F141500B60368 /* Episode.swift in Sources */ = {isa = PBXBuildFile; fileRef = E7D25BC51E0F141500B60368 /* Episode.swift */; };
		E7D25BCA1E0F16B700B60368 /* Playlist.swift in Sources */ = {isa = PBXBuildFile; fileRef = E7D25BC91E0F16B700B60368 /* Playlist.swift */; };
		E7D25BCC1E0F176C00B60368 /* PVDeleter.swift in Sources */ = {isa = PBXBuildFile; fileRef = E7D25BCB1E0F176C00B60368 /* PVDeleter.swift */; };
		E7D25BCE1E0F184800B60368 /* Constants.swift in Sources */ = {isa = PBXBuildFile; fileRef = E7D25BCD1E0F184800B60368 /* Constants.swift */; };
		E7D25BD11E0F1CB000B60368 /* CoreDataHelper.swift in Sources */ = {isa = PBXBuildFile; fileRef = E7D25BD01E0F1CB000B60368 /* CoreDataHelper.swift */; };
		E7D25BD41E0F23DB00B60368 /* Data+ResizeImageData.swift in Sources */ = {isa = PBXBuildFile; fileRef = E7D25BD31E0F23DB00B60368 /* Data+ResizeImageData.swift */; };
		E7D25BD91E0F2DF800B60368 /* SearchPodcast.swift in Sources */ = {isa = PBXBuildFile; fileRef = E7D25BD81E0F2DF800B60368 /* SearchPodcast.swift */; };
		E7D25BDC1E0F30C500B60368 /* podverse.xcdatamodeld in Sources */ = {isa = PBXBuildFile; fileRef = E7D25BDA1E0F30C500B60368 /* podverse.xcdatamodeld */; };
		E7E4714D1F1BD2A6007E66EF /* UITabbarController+PlayerView.swift in Sources */ = {isa = PBXBuildFile; fileRef = E7E4714C1F1BD2A6007E66EF /* UITabbarController+PlayerView.swift */; };
		FC4E08D5665E18150E3D9F47 /* Pods_Podverse.framework in Frameworks */ = {isa = PBXBuildFile; fileRef = 4B29D6346E600E88926FE2B2 /* Pods_Podverse.framework */; };
/* End PBXBuildFile section */

/* Begin PBXContainerItemProxy section */
		E79515F01E03853500382BF8 /* PBXContainerItemProxy */ = {
			isa = PBXContainerItemProxy;
			containerPortal = E79515D11E03853400382BF8 /* Project object */;
			proxyType = 1;
			remoteGlobalIDString = E79515D81E03853400382BF8;
			remoteInfo = Podverse;
		};
		E79515FB1E03853500382BF8 /* PBXContainerItemProxy */ = {
			isa = PBXContainerItemProxy;
			containerPortal = E79515D11E03853400382BF8 /* Project object */;
			proxyType = 1;
			remoteGlobalIDString = E79515D81E03853400382BF8;
			remoteInfo = Podverse;
		};
/* End PBXContainerItemProxy section */

/* Begin PBXFileReference section */
		12ED43B686811072514ADBB3 /* Pods-Podverse.debug.xcconfig */ = {isa = PBXFileReference; includeInIndex = 1; lastKnownFileType = text.xcconfig; name = "Pods-Podverse.debug.xcconfig"; path = "Pods/Target Support Files/Pods-Podverse/Pods-Podverse.debug.xcconfig"; sourceTree = "<group>"; };
		30026D8A1F0B322000043D79 /* AboutViewController.swift */ = {isa = PBXFileReference; fileEncoding = 4; lastKnownFileType = sourcecode.swift; path = AboutViewController.swift; sourceTree = "<group>"; };
		30026D8C1F0B328000043D79 /* SettingsTableViewController.swift */ = {isa = PBXFileReference; fileEncoding = 4; lastKnownFileType = sourcecode.swift; path = SettingsTableViewController.swift; sourceTree = "<group>"; };
		30026D8E1F0C2A6000043D79 /* DownloadTableViewCell.swift */ = {isa = PBXFileReference; fileEncoding = 4; lastKnownFileType = sourcecode.swift; path = DownloadTableViewCell.swift; sourceTree = "<group>"; };
		300CF2551F305D53006C397D /* URL+Converters.swift */ = {isa = PBXFileReference; fileEncoding = 4; lastKnownFileType = sourcecode.swift; path = "URL+Converters.swift"; sourceTree = "<group>"; };
		3011B7161FC41E9D000EAE10 /* UIViewController+ShowToast.swift */ = {isa = PBXFileReference; lastKnownFileType = sourcecode.swift; path = "UIViewController+ShowToast.swift"; sourceTree = "<group>"; };
		301E0E531F96F9510062BEA4 /* Utilities.swift */ = {isa = PBXFileReference; lastKnownFileType = sourcecode.swift; path = Utilities.swift; sourceTree = "<group>"; };
		301EA22A1F9DA2B6005A3DF2 /* FindBrowseGroupsViewController.swift */ = {isa = PBXFileReference; lastKnownFileType = sourcecode.swift; path = FindBrowseGroupsViewController.swift; sourceTree = "<group>"; };
		301EA22C1F9DA371005A3DF2 /* FindBrowsePodcastsViewController.swift */ = {isa = PBXFileReference; lastKnownFileType = sourcecode.swift; path = FindBrowsePodcastsViewController.swift; sourceTree = "<group>"; };
		30252FB8209584F5008C6FCC /* WebKitViewController.swift */ = {isa = PBXFileReference; lastKnownFileType = sourcecode.swift; path = WebKitViewController.swift; sourceTree = "<group>"; };
		30284E8F20143077001C9CEF /* SyncablePodcast.swift */ = {isa = PBXFileReference; lastKnownFileType = sourcecode.swift; path = SyncablePodcast.swift; sourceTree = "<group>"; };
		302D55101EC157960032D0A0 /* PVViewController.swift */ = {isa = PBXFileReference; fileEncoding = 4; lastKnownFileType = sourcecode.swift; path = PVViewController.swift; sourceTree = "<group>"; };
		303D1CCB1F9BE7F600F25CDF /* SearchPodcastViewController.swift */ = {isa = PBXFileReference; lastKnownFileType = sourcecode.swift; path = SearchPodcastViewController.swift; sourceTree = "<group>"; };
		3048E8871EDA7124001AADCE /* MediaRef.swift */ = {isa = PBXFileReference; fileEncoding = 4; lastKnownFileType = sourcecode.swift; path = MediaRef.swift; sourceTree = "<group>"; };
		3048E8891EDD1B1A001AADCE /* Int64+MediaPlayerString.swift */ = {isa = PBXFileReference; fileEncoding = 4; lastKnownFileType = sourcecode.swift; path = "Int64+MediaPlayerString.swift"; sourceTree = "<group>"; };
		3051488A1ED27251009BC839 /* PlayerHistoryItem.swift */ = {isa = PBXFileReference; fileEncoding = 4; lastKnownFileType = sourcecode.swift; path = PlayerHistoryItem.swift; sourceTree = "<group>"; };
		3051488C1ED27534009BC839 /* PVPlayerHistoryManager.swift */ = {isa = PBXFileReference; fileEncoding = 4; lastKnownFileType = sourcecode.swift; path = PVPlayerHistoryManager.swift; sourceTree = "<group>"; };
		306370B9210522FC009B4FEC /* String+ConvertPlaybackTimeToUrlSchemeElements.swift */ = {isa = PBXFileReference; lastKnownFileType = sourcecode.swift; path = "String+ConvertPlaybackTimeToUrlSchemeElements.swift"; sourceTree = "<group>"; };
		306370BB21053772009B4FEC /* String+MediaPlayerTimeToSeconds.swift */ = {isa = PBXFileReference; lastKnownFileType = sourcecode.swift; path = "String+MediaPlayerTimeToSeconds.swift"; sourceTree = "<group>"; };
		306370BD21110F3F009B4FEC /* URL+getQueryParamValue.swift */ = {isa = PBXFileReference; lastKnownFileType = sourcecode.swift; path = "URL+getQueryParamValue.swift"; sourceTree = "<group>"; };
		307EDB371F72244C009B230A /* ParsingPodcasts.swift */ = {isa = PBXFileReference; fileEncoding = 4; lastKnownFileType = sourcecode.swift; path = ParsingPodcasts.swift; sourceTree = "<group>"; };
		307F2BB01F81DDF800A0BD21 /* EpisodeTableViewController.swift */ = {isa = PBXFileReference; lastKnownFileType = sourcecode.swift; path = EpisodeTableViewController.swift; sourceTree = "<group>"; };
		30934B571F9ED4A300B51CB4 /* SearchCategory.swift */ = {isa = PBXFileReference; lastKnownFileType = sourcecode.swift; path = SearchCategory.swift; sourceTree = "<group>"; };
		30934B591F9EDDE100B51CB4 /* SearchNetwork.swift */ = {isa = PBXFileReference; lastKnownFileType = sourcecode.swift; path = SearchNetwork.swift; sourceTree = "<group>"; };
		3093DC271FC275BB0060DDC0 /* DeletingPodcasts.swift */ = {isa = PBXFileReference; lastKnownFileType = sourcecode.swift; path = DeletingPodcasts.swift; sourceTree = "<group>"; };
		3095EF051EBC396F00F0E043 /* Auth0.plist */ = {isa = PBXFileReference; fileEncoding = 4; lastKnownFileType = text.plist.xml; path = Auth0.plist; sourceTree = "<group>"; };
		3097AA8C1EE7BEC900AD0ED0 /* ClipsTableViewController.swift */ = {isa = PBXFileReference; fileEncoding = 4; lastKnownFileType = sourcecode.swift; path = ClipsTableViewController.swift; sourceTree = "<group>"; };
		3097AA8E1EE7C1D500AD0ED0 /* ClipTableViewCell.swift */ = {isa = PBXFileReference; fileEncoding = 4; lastKnownFileType = sourcecode.swift; path = ClipTableViewCell.swift; sourceTree = "<group>"; };
		3097AA901EE7C7D200AD0ED0 /* DownloadsTableViewController.swift */ = {isa = PBXFileReference; fileEncoding = 4; lastKnownFileType = sourcecode.swift; path = DownloadsTableViewController.swift; sourceTree = "<group>"; };
		309BFE151F0A04F8008D101B /* Array+rearrange.swift */ = {isa = PBXFileReference; fileEncoding = 4; lastKnownFileType = sourcecode.swift; path = "Array+rearrange.swift"; sourceTree = "<group>"; };
		30A0A4931F1AD6A500242F85 /* NowPlayingBar.swift */ = {isa = PBXFileReference; fileEncoding = 4; lastKnownFileType = sourcecode.swift; path = NowPlayingBar.swift; sourceTree = "<group>"; };
		30A0A4951F1ADAA200242F85 /* NowPlayingBar.xib */ = {isa = PBXFileReference; fileEncoding = 4; lastKnownFileType = file.xib; path = NowPlayingBar.xib; sourceTree = "<group>"; };
		30A2E570203B1A4F001713E3 /* UIViewController+AllowCellularDataDownloadsAlert.swift */ = {isa = PBXFileReference; lastKnownFileType = sourcecode.swift; path = "UIViewController+AllowCellularDataDownloadsAlert.swift"; sourceTree = "<group>"; };
		30A56B191F4C00DB007513F6 /* PlaylistTableViewCell.swift */ = {isa = PBXFileReference; fileEncoding = 4; lastKnownFileType = sourcecode.swift; path = PlaylistTableViewCell.swift; sourceTree = "<group>"; };
		30A56B1B1F4EB575007513F6 /* PlaylistDetailTableViewCell.swift */ = {isa = PBXFileReference; fileEncoding = 4; lastKnownFileType = sourcecode.swift; path = PlaylistDetailTableViewCell.swift; sourceTree = "<group>"; };
		30A56B1D1F4EB6FC007513F6 /* PlaylistDetailTableViewController.swift */ = {isa = PBXFileReference; fileEncoding = 4; lastKnownFileType = sourcecode.swift; path = PlaylistDetailTableViewController.swift; sourceTree = "<group>"; };
		30A56B1F1F5247C7007513F6 /* AddToPlaylistViewController.swift */ = {isa = PBXFileReference; fileEncoding = 4; lastKnownFileType = sourcecode.swift; path = AddToPlaylistViewController.swift; sourceTree = "<group>"; };
		30A56B211F5247DF007513F6 /* MakeClipTimeViewController.swift */ = {isa = PBXFileReference; fileEncoding = 4; lastKnownFileType = sourcecode.swift; path = MakeClipTimeViewController.swift; sourceTree = "<group>"; };
		30A575651EBECFF90088CCA6 /* EpisodesTableViewController.swift */ = {isa = PBXFileReference; fileEncoding = 4; lastKnownFileType = sourcecode.swift; path = EpisodesTableViewController.swift; sourceTree = "<group>"; };
		30A575671EBED8360088CCA6 /* EpisodeTableViewCell.swift */ = {isa = PBXFileReference; fileEncoding = 4; lastKnownFileType = sourcecode.swift; path = EpisodeTableViewCell.swift; sourceTree = "<group>"; };
		30B427F11EBE4CB100BAD942 /* PVSubscriber.swift */ = {isa = PBXFileReference; fileEncoding = 4; lastKnownFileType = sourcecode.swift; path = PVSubscriber.swift; sourceTree = "<group>"; };
		30C011122019DF8200E5E7E5 /* SearchEpisode.swift */ = {isa = PBXFileReference; lastKnownFileType = sourcecode.swift; path = SearchEpisode.swift; sourceTree = "<group>"; };
		30CD6AD92079670000D5C9C5 /* Date+FeedsDate.swift */ = {isa = PBXFileReference; lastKnownFileType = sourcecode.swift; path = "Date+FeedsDate.swift"; sourceTree = "<group>"; };
		30CD6ADB2079673200D5C9C5 /* String+RemoveHTMLCharacters.swift */ = {isa = PBXFileReference; lastKnownFileType = sourcecode.swift; path = "String+RemoveHTMLCharacters.swift"; sourceTree = "<group>"; };
		30CD6ADD2079689000D5C9C5 /* String+Utilities.swift */ = {isa = PBXFileReference; lastKnownFileType = sourcecode.swift; path = "String+Utilities.swift"; sourceTree = "<group>"; };
		30DBD4D21F11B05900A431E6 /* OAuth2RetryHandler.swift */ = {isa = PBXFileReference; fileEncoding = 4; lastKnownFileType = sourcecode.swift; path = OAuth2RetryHandler.swift; sourceTree = "<group>"; };
		30DBD4D41F11DBFA00A431E6 /* FindSearchTableViewController.swift */ = {isa = PBXFileReference; fileEncoding = 4; lastKnownFileType = sourcecode.swift; path = FindSearchTableViewController.swift; sourceTree = "<group>"; };
		30DBD4D81F11F42B00A431E6 /* PodcastSearchResultTableViewCell.swift */ = {isa = PBXFileReference; fileEncoding = 4; lastKnownFileType = sourcecode.swift; path = PodcastSearchResultTableViewCell.swift; sourceTree = "<group>"; };
		30EA456C1F68B48900573554 /* ClipEpisodeTableViewCell.swift */ = {isa = PBXFileReference; fileEncoding = 4; lastKnownFileType = sourcecode.swift; path = ClipEpisodeTableViewCell.swift; sourceTree = "<group>"; };
		30EA456E1F68B49700573554 /* ClipPodcastTableViewCell.swift */ = {isa = PBXFileReference; fileEncoding = 4; lastKnownFileType = sourcecode.swift; path = ClipPodcastTableViewCell.swift; sourceTree = "<group>"; };
		30EB67771ECCAB2800C5AB80 /* MediaPlayerViewController.swift */ = {isa = PBXFileReference; fileEncoding = 4; lastKnownFileType = sourcecode.swift; path = MediaPlayerViewController.swift; sourceTree = "<group>"; };
		30EF307E20FB028C0040D438 /* Podverse.entitlements */ = {isa = PBXFileReference; lastKnownFileType = text.plist.entitlements; path = Podverse.entitlements; sourceTree = "<group>"; };
		30F559E01F45361F0080CD90 /* podverse-Bridging-Header.h */ = {isa = PBXFileReference; lastKnownFileType = sourcecode.c.h; path = "podverse-Bridging-Header.h"; sourceTree = "<group>"; };
		3DFC5776ED8A1D348AD0DD0F /* Pods_PodverseTests.framework */ = {isa = PBXFileReference; explicitFileType = wrapper.framework; includeInIndex = 0; path = Pods_PodverseTests.framework; sourceTree = BUILT_PRODUCTS_DIR; };
		4B29D6346E600E88926FE2B2 /* Pods_Podverse.framework */ = {isa = PBXFileReference; explicitFileType = wrapper.framework; includeInIndex = 0; path = Pods_Podverse.framework; sourceTree = BUILT_PRODUCTS_DIR; };
		5007D91FA0CDEDB84B7547F7 /* Pods-Podverse.release.xcconfig */ = {isa = PBXFileReference; includeInIndex = 1; lastKnownFileType = text.xcconfig; name = "Pods-Podverse.release.xcconfig"; path = "Pods/Target Support Files/Pods-Podverse/Pods-Podverse.release.xcconfig"; sourceTree = "<group>"; };
		9ED28C8E3399F9362A52A254 /* Pods_PodverseUITests.framework */ = {isa = PBXFileReference; explicitFileType = wrapper.framework; includeInIndex = 0; path = Pods_PodverseUITests.framework; sourceTree = BUILT_PRODUCTS_DIR; };
		A45DC103B547FA995D1C0446 /* Pods-PodverseTests.release.xcconfig */ = {isa = PBXFileReference; includeInIndex = 1; lastKnownFileType = text.xcconfig; name = "Pods-PodverseTests.release.xcconfig"; path = "Pods/Target Support Files/Pods-PodverseTests/Pods-PodverseTests.release.xcconfig"; sourceTree = "<group>"; };
		A4FFF81D5C6E2D32F4EC3F71 /* Pods-PodverseUITests.debug.xcconfig */ = {isa = PBXFileReference; includeInIndex = 1; lastKnownFileType = text.xcconfig; name = "Pods-PodverseUITests.debug.xcconfig"; path = "Pods/Target Support Files/Pods-PodverseUITests/Pods-PodverseUITests.debug.xcconfig"; sourceTree = "<group>"; };
		E50C69C930BEE7E8657F6A4F /* Pods-PodverseTests.debug.xcconfig */ = {isa = PBXFileReference; includeInIndex = 1; lastKnownFileType = text.xcconfig; name = "Pods-PodverseTests.debug.xcconfig"; path = "Pods/Target Support Files/Pods-PodverseTests/Pods-PodverseTests.debug.xcconfig"; sourceTree = "<group>"; };
		E70E4A191E038F8F003CEC64 /* PodcastsTableViewController.swift */ = {isa = PBXFileReference; fileEncoding = 4; lastKnownFileType = sourcecode.swift; path = PodcastsTableViewController.swift; sourceTree = "<group>"; };
		E70E4A1C1E038FC6003CEC64 /* PlaylistsTableViewController.swift */ = {isa = PBXFileReference; fileEncoding = 4; lastKnownFileType = sourcecode.swift; path = PlaylistsTableViewController.swift; sourceTree = "<group>"; };
		E70E4A1E1E039047003CEC64 /* FindTableViewController.swift */ = {isa = PBXFileReference; fileEncoding = 4; lastKnownFileType = sourcecode.swift; path = FindTableViewController.swift; sourceTree = "<group>"; };
		E70E4A221E03907A003CEC64 /* MoreTableViewController.swift */ = {isa = PBXFileReference; fileEncoding = 4; lastKnownFileType = sourcecode.swift; path = MoreTableViewController.swift; sourceTree = "<group>"; };
		E7299F111F19368400AB3168 /* AboutPlayingItemViewController.swift */ = {isa = PBXFileReference; fileEncoding = 4; lastKnownFileType = sourcecode.swift; path = AboutPlayingItemViewController.swift; sourceTree = "<group>"; };
		E73AAFC81F7218FC0029EA77 /* UITableView+NotAvailableView.swift */ = {isa = PBXFileReference; fileEncoding = 4; lastKnownFileType = sourcecode.swift; path = "UITableView+NotAvailableView.swift"; sourceTree = "<group>"; };
		E76C49C51E0F8DFE00F81217 /* PVDownloader.swift */ = {isa = PBXFileReference; fileEncoding = 4; lastKnownFileType = sourcecode.swift; path = PVDownloader.swift; sourceTree = "<group>"; };
		E76C49C71E0F94BF00F81217 /* DownloadingEpisodeList.swift */ = {isa = PBXFileReference; fileEncoding = 4; lastKnownFileType = sourcecode.swift; path = DownloadingEpisodeList.swift; sourceTree = "<group>"; };
		E76C49C91E0F950E00F81217 /* DownloadingEpisode.swift */ = {isa = PBXFileReference; fileEncoding = 4; lastKnownFileType = sourcecode.swift; path = DownloadingEpisode.swift; sourceTree = "<group>"; };
		E78BF9301E0FA64F002194FE /* PVReachability.swift */ = {isa = PBXFileReference; fileEncoding = 4; lastKnownFileType = sourcecode.swift; path = PVReachability.swift; sourceTree = "<group>"; };
		E79515D91E03853500382BF8 /* Podverse.app */ = {isa = PBXFileReference; explicitFileType = wrapper.application; includeInIndex = 0; path = Podverse.app; sourceTree = BUILT_PRODUCTS_DIR; };
		E79515DC1E03853500382BF8 /* AppDelegate.swift */ = {isa = PBXFileReference; lastKnownFileType = sourcecode.swift; lineEnding = 0; path = AppDelegate.swift; sourceTree = "<group>"; xcLanguageSpecificationIdentifier = xcode.lang.swift; };
		E79515E31E03853500382BF8 /* Base */ = {isa = PBXFileReference; lastKnownFileType = file.storyboard; name = Base; path = Base.lproj/Main.storyboard; sourceTree = "<group>"; };
		E79515E51E03853500382BF8 /* Assets.xcassets */ = {isa = PBXFileReference; lastKnownFileType = folder.assetcatalog; path = Assets.xcassets; sourceTree = "<group>"; };
		E79515E81E03853500382BF8 /* Base */ = {isa = PBXFileReference; lastKnownFileType = file.storyboard; name = Base; path = Base.lproj/LaunchScreen.storyboard; sourceTree = "<group>"; };
		E79515EA1E03853500382BF8 /* Info.plist */ = {isa = PBXFileReference; lastKnownFileType = text.plist.xml; path = Info.plist; sourceTree = "<group>"; };
		E79515EF1E03853500382BF8 /* PodverseTests.xctest */ = {isa = PBXFileReference; explicitFileType = wrapper.cfbundle; includeInIndex = 0; path = PodverseTests.xctest; sourceTree = BUILT_PRODUCTS_DIR; };
		E79515F31E03853500382BF8 /* PodverseTests.swift */ = {isa = PBXFileReference; lastKnownFileType = sourcecode.swift; lineEnding = 0; path = PodverseTests.swift; sourceTree = "<group>"; xcLanguageSpecificationIdentifier = xcode.lang.swift; };
		E79515F51E03853500382BF8 /* Info.plist */ = {isa = PBXFileReference; lastKnownFileType = text.plist.xml; path = Info.plist; sourceTree = "<group>"; };
		E79515FA1E03853500382BF8 /* PodverseUITests.xctest */ = {isa = PBXFileReference; explicitFileType = wrapper.cfbundle; includeInIndex = 0; path = PodverseUITests.xctest; sourceTree = BUILT_PRODUCTS_DIR; };
		E79515FE1E03853500382BF8 /* PodverseUITests.swift */ = {isa = PBXFileReference; lastKnownFileType = sourcecode.swift; lineEnding = 0; path = PodverseUITests.swift; sourceTree = "<group>"; xcLanguageSpecificationIdentifier = xcode.lang.swift; };
		E79516001E03853500382BF8 /* Info.plist */ = {isa = PBXFileReference; lastKnownFileType = text.plist.xml; path = Info.plist; sourceTree = "<group>"; };
		E7AD9A971EDDF7160093F051 /* ClipsListContainerViewController.swift */ = {isa = PBXFileReference; fileEncoding = 4; lastKnownFileType = sourcecode.swift; path = ClipsListContainerViewController.swift; sourceTree = "<group>"; };
		E7B01EC21F8497CE00F61CB7 /* FiltersTableHeaderView.swift */ = {isa = PBXFileReference; lastKnownFileType = sourcecode.swift; path = FiltersTableHeaderView.swift; sourceTree = "<group>"; };
		E7B2A5961E11F95C00AAE036 /* PVMediaPlayer.swift */ = {isa = PBXFileReference; fileEncoding = 4; lastKnownFileType = sourcecode.swift; path = PVMediaPlayer.swift; sourceTree = "<group>"; };
		E7B2A59A1E12111500AAE036 /* URL+RemoteSize.swift */ = {isa = PBXFileReference; fileEncoding = 4; lastKnownFileType = sourcecode.swift; path = "URL+RemoteSize.swift"; sourceTree = "<group>"; };
		E7B2A59C1E123A4400AAE036 /* UIViewController+InternetRequiredAlert.swift */ = {isa = PBXFileReference; fileEncoding = 4; lastKnownFileType = sourcecode.swift; path = "UIViewController+InternetRequiredAlert.swift"; sourceTree = "<group>"; };
		E7B2A5A01E123E9900AAE036 /* PVAuth.swift */ = {isa = PBXFileReference; fileEncoding = 4; lastKnownFileType = sourcecode.swift; path = PVAuth.swift; sourceTree = "<group>"; };
		E7B2A5A31E12CC5A00AAE036 /* PodcastTableViewCell.swift */ = {isa = PBXFileReference; fileEncoding = 4; lastKnownFileType = sourcecode.swift; path = PodcastTableViewCell.swift; sourceTree = "<group>"; };
		E7B2A5A51E12D38200AAE036 /* String+CharacterManipulation.swift */ = {isa = PBXFileReference; fileEncoding = 4; lastKnownFileType = sourcecode.swift; path = "String+CharacterManipulation.swift"; sourceTree = "<group>"; };
		E7B2A5A71E16246B00AAE036 /* LoginViewController.swift */ = {isa = PBXFileReference; fileEncoding = 4; lastKnownFileType = sourcecode.swift; path = LoginViewController.swift; sourceTree = "<group>"; };
		E7B2A5A91E162AE400AAE036 /* Date+Formatters.swift */ = {isa = PBXFileReference; fileEncoding = 4; lastKnownFileType = sourcecode.swift; path = "Date+Formatters.swift"; sourceTree = "<group>"; };
		E7B2A5AB1E162B8500AAE036 /* String+Formatters.swift */ = {isa = PBXFileReference; fileEncoding = 4; lastKnownFileType = sourcecode.swift; path = "String+Formatters.swift"; sourceTree = "<group>"; };
		E7D25BBF1E0F096A00B60368 /* PVTimeHelpers.swift */ = {isa = PBXFileReference; fileEncoding = 4; lastKnownFileType = sourcecode.swift; path = PVTimeHelpers.swift; sourceTree = "<group>"; };
		E7D25BC11E0F118C00B60368 /* PVFeedParser.swift */ = {isa = PBXFileReference; fileEncoding = 4; lastKnownFileType = sourcecode.swift; path = PVFeedParser.swift; sourceTree = "<group>"; };
		E7D25BC31E0F13D300B60368 /* Podcast.swift */ = {isa = PBXFileReference; fileEncoding = 4; lastKnownFileType = sourcecode.swift; path = Podcast.swift; sourceTree = "<group>"; };
		E7D25BC51E0F141500B60368 /* Episode.swift */ = {isa = PBXFileReference; fileEncoding = 4; lastKnownFileType = sourcecode.swift; path = Episode.swift; sourceTree = "<group>"; };
		E7D25BC91E0F16B700B60368 /* Playlist.swift */ = {isa = PBXFileReference; fileEncoding = 4; lastKnownFileType = sourcecode.swift; path = Playlist.swift; sourceTree = "<group>"; };
		E7D25BCB1E0F176C00B60368 /* PVDeleter.swift */ = {isa = PBXFileReference; fileEncoding = 4; lastKnownFileType = sourcecode.swift; path = PVDeleter.swift; sourceTree = "<group>"; };
		E7D25BCD1E0F184800B60368 /* Constants.swift */ = {isa = PBXFileReference; fileEncoding = 4; lastKnownFileType = sourcecode.swift; path = Constants.swift; sourceTree = "<group>"; };
		E7D25BD01E0F1CB000B60368 /* CoreDataHelper.swift */ = {isa = PBXFileReference; fileEncoding = 4; lastKnownFileType = sourcecode.swift; path = CoreDataHelper.swift; sourceTree = "<group>"; };
		E7D25BD31E0F23DB00B60368 /* Data+ResizeImageData.swift */ = {isa = PBXFileReference; fileEncoding = 4; lastKnownFileType = sourcecode.swift; path = "Data+ResizeImageData.swift"; sourceTree = "<group>"; };
		E7D25BD81E0F2DF800B60368 /* SearchPodcast.swift */ = {isa = PBXFileReference; fileEncoding = 4; lastKnownFileType = sourcecode.swift; path = SearchPodcast.swift; sourceTree = "<group>"; };
		E7D25BDB1E0F30C500B60368 /* podverse.xcdatamodel */ = {isa = PBXFileReference; lastKnownFileType = wrapper.xcdatamodel; path = podverse.xcdatamodel; sourceTree = "<group>"; };
		E7E4714C1F1BD2A6007E66EF /* UITabbarController+PlayerView.swift */ = {isa = PBXFileReference; fileEncoding = 4; lastKnownFileType = sourcecode.swift; path = "UITabbarController+PlayerView.swift"; sourceTree = "<group>"; };
		F4ADFD588BD638518A3B7020 /* Pods-PodverseUITests.release.xcconfig */ = {isa = PBXFileReference; includeInIndex = 1; lastKnownFileType = text.xcconfig; name = "Pods-PodverseUITests.release.xcconfig"; path = "Pods/Target Support Files/Pods-PodverseUITests/Pods-PodverseUITests.release.xcconfig"; sourceTree = "<group>"; };
/* End PBXFileReference section */

/* Begin PBXFrameworksBuildPhase section */
		E79515D61E03853400382BF8 /* Frameworks */ = {
			isa = PBXFrameworksBuildPhase;
			buildActionMask = 2147483647;
			files = (
				FC4E08D5665E18150E3D9F47 /* Pods_Podverse.framework in Frameworks */,
			);
			runOnlyForDeploymentPostprocessing = 0;
		};
		E79515EC1E03853500382BF8 /* Frameworks */ = {
			isa = PBXFrameworksBuildPhase;
			buildActionMask = 2147483647;
			files = (
				729D7978DAF013967CCB9783 /* Pods_PodverseTests.framework in Frameworks */,
			);
			runOnlyForDeploymentPostprocessing = 0;
		};
		E79515F71E03853500382BF8 /* Frameworks */ = {
			isa = PBXFrameworksBuildPhase;
			buildActionMask = 2147483647;
			files = (
				6626B86F5CD704274D598AF8 /* Pods_PodverseUITests.framework in Frameworks */,
			);
			runOnlyForDeploymentPostprocessing = 0;
		};
/* End PBXFrameworksBuildPhase section */

/* Begin PBXGroup section */
		281BFAC3B9EF366393EF57E8 /* Frameworks */ = {
			isa = PBXGroup;
			children = (
				4B29D6346E600E88926FE2B2 /* Pods_Podverse.framework */,
				3DFC5776ED8A1D348AD0DD0F /* Pods_PodverseTests.framework */,
				9ED28C8E3399F9362A52A254 /* Pods_PodverseUITests.framework */,
			);
			name = Frameworks;
			sourceTree = "<group>";
		};
		28248F2401FFA89DF37210A0 /* Pods */ = {
			isa = PBXGroup;
			children = (
				12ED43B686811072514ADBB3 /* Pods-Podverse.debug.xcconfig */,
				5007D91FA0CDEDB84B7547F7 /* Pods-Podverse.release.xcconfig */,
				E50C69C930BEE7E8657F6A4F /* Pods-PodverseTests.debug.xcconfig */,
				A45DC103B547FA995D1C0446 /* Pods-PodverseTests.release.xcconfig */,
				A4FFF81D5C6E2D32F4EC3F71 /* Pods-PodverseUITests.debug.xcconfig */,
				F4ADFD588BD638518A3B7020 /* Pods-PodverseUITests.release.xcconfig */,
			);
			name = Pods;
			sourceTree = "<group>";
		};
		E70E4A1B1E038FA6003CEC64 /* ViewControllers */ = {
			isa = PBXGroup;
			children = (
				302D55101EC157960032D0A0 /* PVViewController.swift */,
				E7299F111F19368400AB3168 /* AboutPlayingItemViewController.swift */,
				30026D8A1F0B322000043D79 /* AboutViewController.swift */,
				30A56B1F1F5247C7007513F6 /* AddToPlaylistViewController.swift */,
				E7AD9A971EDDF7160093F051 /* ClipsListContainerViewController.swift */,
				301EA22A1F9DA2B6005A3DF2 /* FindBrowseGroupsViewController.swift */,
				301EA22C1F9DA371005A3DF2 /* FindBrowsePodcastsViewController.swift */,
				3097AA8C1EE7BEC900AD0ED0 /* ClipsTableViewController.swift */,
				3097AA901EE7C7D200AD0ED0 /* DownloadsTableViewController.swift */,
				30A575651EBECFF90088CCA6 /* EpisodesTableViewController.swift */,
				307F2BB01F81DDF800A0BD21 /* EpisodeTableViewController.swift */,
				E70E4A1E1E039047003CEC64 /* FindTableViewController.swift */,
				30DBD4D41F11DBFA00A431E6 /* FindSearchTableViewController.swift */,
				E7B2A5A71E16246B00AAE036 /* LoginViewController.swift */,
				30A56B211F5247DF007513F6 /* MakeClipTimeViewController.swift */,
				30EB67771ECCAB2800C5AB80 /* MediaPlayerViewController.swift */,
				E70E4A221E03907A003CEC64 /* MoreTableViewController.swift */,
				30A56B1D1F4EB6FC007513F6 /* PlaylistDetailTableViewController.swift */,
				E70E4A1C1E038FC6003CEC64 /* PlaylistsTableViewController.swift */,
				E70E4A191E038F8F003CEC64 /* PodcastsTableViewController.swift */,
				303D1CCB1F9BE7F600F25CDF /* SearchPodcastViewController.swift */,
				30026D8C1F0B328000043D79 /* SettingsTableViewController.swift */,
				30252FB8209584F5008C6FCC /* WebKitViewController.swift */,
			);
			name = ViewControllers;
			sourceTree = "<group>";
		};
		E753027D1E072F160007B6F7 /* Supporting Libraries */ = {
			isa = PBXGroup;
			children = (
				30DBD4D21F11B05900A431E6 /* OAuth2RetryHandler.swift */,
			);
			path = "Supporting Libraries";
			sourceTree = "<group>";
		};
		E776A0131E04CB150062FDEB /* Storyboards */ = {
			isa = PBXGroup;
			children = (
				E79515E71E03853500382BF8 /* LaunchScreen.storyboard */,
				E79515E21E03853500382BF8 /* Main.storyboard */,
			);
			name = Storyboards;
			sourceTree = "<group>";
		};
		E776A0141E04CB220062FDEB /* Supporting Files */ = {
			isa = PBXGroup;
			children = (
				E753027D1E072F160007B6F7 /* Supporting Libraries */,
				E79515E51E03853500382BF8 /* Assets.xcassets */,
				3095EF051EBC396F00F0E043 /* Auth0.plist */,
				E7D25BCD1E0F184800B60368 /* Constants.swift */,
				E79515EA1E03853500382BF8 /* Info.plist */,
				E7D25BDA1E0F30C500B60368 /* podverse.xcdatamodeld */,
				30F559E01F45361F0080CD90 /* podverse-Bridging-Header.h */,
				301E0E531F96F9510062BEA4 /* Utilities.swift */,
			);
			name = "Supporting Files";
			sourceTree = "<group>";
		};
		E776A0151E04CB430062FDEB /* Models */ = {
			isa = PBXGroup;
			children = (
				3093DC271FC275BB0060DDC0 /* DeletingPodcasts.swift */,
				E76C49C91E0F950E00F81217 /* DownloadingEpisode.swift */,
				E7D25BC51E0F141500B60368 /* Episode.swift */,
				3048E8871EDA7124001AADCE /* MediaRef.swift */,
				307EDB371F72244C009B230A /* ParsingPodcasts.swift */,
				E7D25BC91E0F16B700B60368 /* Playlist.swift */,
				3051488A1ED27251009BC839 /* PlayerHistoryItem.swift */,
				E7D25BC31E0F13D300B60368 /* Podcast.swift */,
				30934B571F9ED4A300B51CB4 /* SearchCategory.swift */,
				30C011122019DF8200E5E7E5 /* SearchEpisode.swift */,
				30934B591F9EDDE100B51CB4 /* SearchNetwork.swift */,
				E7D25BD81E0F2DF800B60368 /* SearchPodcast.swift */,
				30284E8F20143077001C9CEF /* SyncablePodcast.swift */,
			);
			name = Models;
			sourceTree = "<group>";
		};
		E79515D01E03853400382BF8 = {
			isa = PBXGroup;
			children = (
				E79515DB1E03853500382BF8 /* Podverse */,
				E79515F21E03853500382BF8 /* PodverseTests */,
				E79515FD1E03853500382BF8 /* PodverseUITests */,
				E79515DA1E03853500382BF8 /* Products */,
				28248F2401FFA89DF37210A0 /* Pods */,
				281BFAC3B9EF366393EF57E8 /* Frameworks */,
			);
			sourceTree = "<group>";
		};
		E79515DA1E03853500382BF8 /* Products */ = {
			isa = PBXGroup;
			children = (
				E79515D91E03853500382BF8 /* Podverse.app */,
				E79515EF1E03853500382BF8 /* PodverseTests.xctest */,
				E79515FA1E03853500382BF8 /* PodverseUITests.xctest */,
			);
			name = Products;
			sourceTree = "<group>";
		};
		E79515DB1E03853500382BF8 /* Podverse */ = {
			isa = PBXGroup;
			children = (
				30EF307E20FB028C0040D438 /* Podverse.entitlements */,
				E79515DC1E03853500382BF8 /* AppDelegate.swift */,
				E7D25BCF1E0F1C9F00B60368 /* Custom Helpers */,
				E7B2A5A21E12CBFF00AAE036 /* Custom UI Classes */,
				E7D25BD21E0F23C800B60368 /* Extensions */,
				E776A0151E04CB430062FDEB /* Models */,
				E7D25BBE1E0F092200B60368 /* PVHelpers */,
				E776A0131E04CB150062FDEB /* Storyboards */,
				E7D25BBB1E0F054900B60368 /* Subclasses */,
				E776A0141E04CB220062FDEB /* Supporting Files */,
				E70E4A1B1E038FA6003CEC64 /* ViewControllers */,
			);
			path = Podverse;
			sourceTree = "<group>";
		};
		E79515F21E03853500382BF8 /* PodverseTests */ = {
			isa = PBXGroup;
			children = (
				E79515F31E03853500382BF8 /* PodverseTests.swift */,
				E79515F51E03853500382BF8 /* Info.plist */,
			);
			path = PodverseTests;
			sourceTree = "<group>";
		};
		E79515FD1E03853500382BF8 /* PodverseUITests */ = {
			isa = PBXGroup;
			children = (
				E79515FE1E03853500382BF8 /* PodverseUITests.swift */,
				E79516001E03853500382BF8 /* Info.plist */,
			);
			path = PodverseUITests;
			sourceTree = "<group>";
		};
		E7B2A5A21E12CBFF00AAE036 /* Custom UI Classes */ = {
			isa = PBXGroup;
			children = (
				3097AA8E1EE7C1D500AD0ED0 /* ClipTableViewCell.swift */,
				30EA456E1F68B49700573554 /* ClipPodcastTableViewCell.swift */,
				30EA456C1F68B48900573554 /* ClipEpisodeTableViewCell.swift */,
				30026D8E1F0C2A6000043D79 /* DownloadTableViewCell.swift */,
				30A575671EBED8360088CCA6 /* EpisodeTableViewCell.swift */,
				30A56B191F4C00DB007513F6 /* PlaylistTableViewCell.swift */,
				30A56B1B1F4EB575007513F6 /* PlaylistDetailTableViewCell.swift */,
				E7B2A5A31E12CC5A00AAE036 /* PodcastTableViewCell.swift */,
				30DBD4D81F11F42B00A431E6 /* PodcastSearchResultTableViewCell.swift */,
				E7B01EC21F8497CE00F61CB7 /* FiltersTableHeaderView.swift */,
			);
			name = "Custom UI Classes";
			sourceTree = "<group>";
		};
		E7D25BBB1E0F054900B60368 /* Subclasses */ = {
			isa = PBXGroup;
			children = (
				E7E4714B1F1BD0F1007E66EF /* NowPlayingBar */,
				E7E4714C1F1BD2A6007E66EF /* UITabbarController+PlayerView.swift */,
			);
			name = Subclasses;
			sourceTree = "<group>";
		};
		E7D25BBE1E0F092200B60368 /* PVHelpers */ = {
			isa = PBXGroup;
			children = (
				E7B2A5A01E123E9900AAE036 /* PVAuth.swift */,
				E7D25BCB1E0F176C00B60368 /* PVDeleter.swift */,
				E76C49C51E0F8DFE00F81217 /* PVDownloader.swift */,
				E7D25BC11E0F118C00B60368 /* PVFeedParser.swift */,
				E7B2A5961E11F95C00AAE036 /* PVMediaPlayer.swift */,
				3051488C1ED27534009BC839 /* PVPlayerHistoryManager.swift */,
				E78BF9301E0FA64F002194FE /* PVReachability.swift */,
				30B427F11EBE4CB100BAD942 /* PVSubscriber.swift */,
				E7D25BBF1E0F096A00B60368 /* PVTimeHelpers.swift */,
			);
			name = PVHelpers;
			sourceTree = "<group>";
		};
		E7D25BCF1E0F1C9F00B60368 /* Custom Helpers */ = {
			isa = PBXGroup;
			children = (
				E7D25BD01E0F1CB000B60368 /* CoreDataHelper.swift */,
				E76C49C71E0F94BF00F81217 /* DownloadingEpisodeList.swift */,
			);
			name = "Custom Helpers";
			sourceTree = "<group>";
		};
		E7D25BD21E0F23C800B60368 /* Extensions */ = {
			isa = PBXGroup;
			children = (
				309BFE151F0A04F8008D101B /* Array+rearrange.swift */,
				30CD6AD92079670000D5C9C5 /* Date+FeedsDate.swift */,
				E7D25BD31E0F23DB00B60368 /* Data+ResizeImageData.swift */,
				E7B2A5A91E162AE400AAE036 /* Date+Formatters.swift */,
				3048E8891EDD1B1A001AADCE /* Int64+MediaPlayerString.swift */,
				E7B2A5A51E12D38200AAE036 /* String+CharacterManipulation.swift */,
				306370B9210522FC009B4FEC /* String+ConvertPlaybackTimeToUrlSchemeElements.swift */,
				E7B2A5AB1E162B8500AAE036 /* String+Formatters.swift */,
				306370BB21053772009B4FEC /* String+MediaPlayerTimeToSeconds.swift */,
				30CD6ADB2079673200D5C9C5 /* String+RemoveHTMLCharacters.swift */,
				30CD6ADD2079689000D5C9C5 /* String+Utilities.swift */,
				E73AAFC81F7218FC0029EA77 /* UITableView+NotAvailableView.swift */,
				E7B2A59C1E123A4400AAE036 /* UIViewController+InternetRequiredAlert.swift */,
				30A2E570203B1A4F001713E3 /* UIViewController+AllowCellularDataDownloadsAlert.swift */,
				3011B7161FC41E9D000EAE10 /* UIViewController+ShowToast.swift */,
				300CF2551F305D53006C397D /* URL+Converters.swift */,
				306370BD21110F3F009B4FEC /* URL+getQueryParamValue.swift */,
				E7B2A59A1E12111500AAE036 /* URL+RemoteSize.swift */,
			);
			name = Extensions;
			sourceTree = "<group>";
		};
		E7E4714B1F1BD0F1007E66EF /* NowPlayingBar */ = {
			isa = PBXGroup;
			children = (
				30A0A4951F1ADAA200242F85 /* NowPlayingBar.xib */,
				30A0A4931F1AD6A500242F85 /* NowPlayingBar.swift */,
			);
			name = NowPlayingBar;
			sourceTree = "<group>";
		};
/* End PBXGroup section */

/* Begin PBXNativeTarget section */
		E79515D81E03853400382BF8 /* Podverse */ = {
			isa = PBXNativeTarget;
			buildConfigurationList = E79516031E03853500382BF8 /* Build configuration list for PBXNativeTarget "Podverse" */;
			buildPhases = (
				67AC66BCB6B3CCEE974AE601 /* [CP] Check Pods Manifest.lock */,
				E79515D51E03853400382BF8 /* Sources */,
				E79515D61E03853400382BF8 /* Frameworks */,
				E79515D71E03853400382BF8 /* Resources */,
				EC2BE28CAC6A390DE7FB9C13 /* [CP] Embed Pods Frameworks */,
				E737A0CE20CF78C900FAAF3D /* Increment Build */,
			);
			buildRules = (
			);
			dependencies = (
			);
			name = Podverse;
			productName = Podverse;
			productReference = E79515D91E03853500382BF8 /* Podverse.app */;
			productType = "com.apple.product-type.application";
		};
		E79515EE1E03853500382BF8 /* PodverseTests */ = {
			isa = PBXNativeTarget;
			buildConfigurationList = E79516061E03853500382BF8 /* Build configuration list for PBXNativeTarget "PodverseTests" */;
			buildPhases = (
				6D6032702A2EEA1C34CE8A94 /* [CP] Check Pods Manifest.lock */,
				E79515EB1E03853500382BF8 /* Sources */,
				E79515EC1E03853500382BF8 /* Frameworks */,
				E79515ED1E03853500382BF8 /* Resources */,
			);
			buildRules = (
			);
			dependencies = (
				E79515F11E03853500382BF8 /* PBXTargetDependency */,
			);
			name = PodverseTests;
			productName = PodverseTests;
			productReference = E79515EF1E03853500382BF8 /* PodverseTests.xctest */;
			productType = "com.apple.product-type.bundle.unit-test";
		};
		E79515F91E03853500382BF8 /* PodverseUITests */ = {
			isa = PBXNativeTarget;
			buildConfigurationList = E79516091E03853500382BF8 /* Build configuration list for PBXNativeTarget "PodverseUITests" */;
			buildPhases = (
				9C12F87B017831DBACE2FCC8 /* [CP] Check Pods Manifest.lock */,
				E79515F61E03853500382BF8 /* Sources */,
				E79515F71E03853500382BF8 /* Frameworks */,
				E79515F81E03853500382BF8 /* Resources */,
			);
			buildRules = (
			);
			dependencies = (
				E79515FC1E03853500382BF8 /* PBXTargetDependency */,
			);
			name = PodverseUITests;
			productName = PodverseUITests;
			productReference = E79515FA1E03853500382BF8 /* PodverseUITests.xctest */;
			productType = "com.apple.product-type.bundle.ui-testing";
		};
/* End PBXNativeTarget section */

/* Begin PBXProject section */
		E79515D11E03853400382BF8 /* Project object */ = {
			isa = PBXProject;
			attributes = {
				LastSwiftUpdateCheck = 0820;
				LastUpgradeCheck = 0920;
				ORGANIZATIONNAME = "Podverse LLC";
				TargetAttributes = {
					E79515D81E03853400382BF8 = {
						CreatedOnToolsVersion = 8.2;
						DevelopmentTeam = NVBK9KF43L;
						LastSwiftMigration = 0930;
						ProvisioningStyle = Automatic;
						SystemCapabilities = {
							com.apple.BackgroundModes = {
								enabled = 1;
							};
							com.apple.SafariKeychain = {
								enabled = 1;
							};
						};
					};
					E79515EE1E03853500382BF8 = {
						CreatedOnToolsVersion = 8.2;
						DevelopmentTeam = NVBK9KF43L;
						ProvisioningStyle = Automatic;
						TestTargetID = E79515D81E03853400382BF8;
					};
					E79515F91E03853500382BF8 = {
						CreatedOnToolsVersion = 8.2;
						DevelopmentTeam = NVBK9KF43L;
						ProvisioningStyle = Automatic;
						TestTargetID = E79515D81E03853400382BF8;
					};
				};
			};
			buildConfigurationList = E79515D41E03853400382BF8 /* Build configuration list for PBXProject "Podverse" */;
			compatibilityVersion = "Xcode 3.2";
			developmentRegion = English;
			hasScannedForEncodings = 0;
			knownRegions = (
				en,
				Base,
			);
			mainGroup = E79515D01E03853400382BF8;
			productRefGroup = E79515DA1E03853500382BF8 /* Products */;
			projectDirPath = "";
			projectRoot = "";
			targets = (
				E79515D81E03853400382BF8 /* Podverse */,
				E79515EE1E03853500382BF8 /* PodverseTests */,
				E79515F91E03853500382BF8 /* PodverseUITests */,
			);
		};
/* End PBXProject section */

/* Begin PBXResourcesBuildPhase section */
		E79515D71E03853400382BF8 /* Resources */ = {
			isa = PBXResourcesBuildPhase;
			buildActionMask = 2147483647;
			files = (
				E79515E91E03853500382BF8 /* LaunchScreen.storyboard in Resources */,
				30A0A4961F1ADAA200242F85 /* NowPlayingBar.xib in Resources */,
				E79515E61E03853500382BF8 /* Assets.xcassets in Resources */,
				E79515E41E03853500382BF8 /* Main.storyboard in Resources */,
				3095EF061EBC396F00F0E043 /* Auth0.plist in Resources */,
			);
			runOnlyForDeploymentPostprocessing = 0;
		};
		E79515ED1E03853500382BF8 /* Resources */ = {
			isa = PBXResourcesBuildPhase;
			buildActionMask = 2147483647;
			files = (
			);
			runOnlyForDeploymentPostprocessing = 0;
		};
		E79515F81E03853500382BF8 /* Resources */ = {
			isa = PBXResourcesBuildPhase;
			buildActionMask = 2147483647;
			files = (
			);
			runOnlyForDeploymentPostprocessing = 0;
		};
/* End PBXResourcesBuildPhase section */

/* Begin PBXShellScriptBuildPhase section */
		67AC66BCB6B3CCEE974AE601 /* [CP] Check Pods Manifest.lock */ = {
			isa = PBXShellScriptBuildPhase;
			buildActionMask = 2147483647;
			files = (
			);
			inputPaths = (
				"${PODS_PODFILE_DIR_PATH}/Podfile.lock",
				"${PODS_ROOT}/Manifest.lock",
			);
			name = "[CP] Check Pods Manifest.lock";
			outputPaths = (
				"$(DERIVED_FILE_DIR)/Pods-Podverse-checkManifestLockResult.txt",
			);
			runOnlyForDeploymentPostprocessing = 0;
			shellPath = /bin/sh;
			shellScript = "diff \"${PODS_PODFILE_DIR_PATH}/Podfile.lock\" \"${PODS_ROOT}/Manifest.lock\" > /dev/null\nif [ $? != 0 ] ; then\n    # print error to STDERR\n    echo \"error: The sandbox is not in sync with the Podfile.lock. Run 'pod install' or update your CocoaPods installation.\" >&2\n    exit 1\nfi\n# This output is used by Xcode 'outputs' to avoid re-running this script phase.\necho \"SUCCESS\" > \"${SCRIPT_OUTPUT_FILE_0}\"\n";
			showEnvVarsInLog = 0;
		};
		6D6032702A2EEA1C34CE8A94 /* [CP] Check Pods Manifest.lock */ = {
			isa = PBXShellScriptBuildPhase;
			buildActionMask = 2147483647;
			files = (
			);
			inputPaths = (
				"${PODS_PODFILE_DIR_PATH}/Podfile.lock",
				"${PODS_ROOT}/Manifest.lock",
			);
			name = "[CP] Check Pods Manifest.lock";
			outputPaths = (
				"$(DERIVED_FILE_DIR)/Pods-PodverseTests-checkManifestLockResult.txt",
			);
			runOnlyForDeploymentPostprocessing = 0;
			shellPath = /bin/sh;
			shellScript = "diff \"${PODS_PODFILE_DIR_PATH}/Podfile.lock\" \"${PODS_ROOT}/Manifest.lock\" > /dev/null\nif [ $? != 0 ] ; then\n    # print error to STDERR\n    echo \"error: The sandbox is not in sync with the Podfile.lock. Run 'pod install' or update your CocoaPods installation.\" >&2\n    exit 1\nfi\n# This output is used by Xcode 'outputs' to avoid re-running this script phase.\necho \"SUCCESS\" > \"${SCRIPT_OUTPUT_FILE_0}\"\n";
			showEnvVarsInLog = 0;
		};
		9C12F87B017831DBACE2FCC8 /* [CP] Check Pods Manifest.lock */ = {
			isa = PBXShellScriptBuildPhase;
			buildActionMask = 2147483647;
			files = (
			);
			inputPaths = (
				"${PODS_PODFILE_DIR_PATH}/Podfile.lock",
				"${PODS_ROOT}/Manifest.lock",
			);
			name = "[CP] Check Pods Manifest.lock";
			outputPaths = (
				"$(DERIVED_FILE_DIR)/Pods-PodverseUITests-checkManifestLockResult.txt",
			);
			runOnlyForDeploymentPostprocessing = 0;
			shellPath = /bin/sh;
			shellScript = "diff \"${PODS_PODFILE_DIR_PATH}/Podfile.lock\" \"${PODS_ROOT}/Manifest.lock\" > /dev/null\nif [ $? != 0 ] ; then\n    # print error to STDERR\n    echo \"error: The sandbox is not in sync with the Podfile.lock. Run 'pod install' or update your CocoaPods installation.\" >&2\n    exit 1\nfi\n# This output is used by Xcode 'outputs' to avoid re-running this script phase.\necho \"SUCCESS\" > \"${SCRIPT_OUTPUT_FILE_0}\"\n";
			showEnvVarsInLog = 0;
		};
		E737A0CE20CF78C900FAAF3D /* Increment Build */ = {
			isa = PBXShellScriptBuildPhase;
			buildActionMask = 2147483647;
			files = (
			);
			inputPaths = (
			);
			name = "Increment Build";
			outputPaths = (
			);
			runOnlyForDeploymentPostprocessing = 0;
			shellPath = /bin/sh;
			shellScript = "if [ \"${CONFIGURATION}\" = \"Release\" ]; then\nbuildNumber=$(/usr/libexec/PlistBuddy -c \"Print CFBundleVersion\" \"${PROJECT_DIR}/${INFOPLIST_FILE}\")\nbuildNumber=$(($buildNumber + 1))\n/usr/libexec/PlistBuddy -c \"Set :CFBundleVersion $buildNumber\" \"${PROJECT_DIR}/${INFOPLIST_FILE}\"\nfi";
		};
		EC2BE28CAC6A390DE7FB9C13 /* [CP] Embed Pods Frameworks */ = {
			isa = PBXShellScriptBuildPhase;
			buildActionMask = 2147483647;
			files = (
			);
			inputPaths = (
				"${SRCROOT}/Pods/Target Support Files/Pods-Podverse/Pods-Podverse-frameworks.sh",
				"${BUILT_PRODUCTS_DIR}/Alamofire/Alamofire.framework",
				"${BUILT_PRODUCTS_DIR}/Auth0/Auth0.framework",
				"${BUILT_PRODUCTS_DIR}/FeedKit/FeedKit.framework",
				"${BUILT_PRODUCTS_DIR}/Lock/Lock.framework",
				"${BUILT_PRODUCTS_DIR}/ReachabilitySwift/ReachabilitySwift.framework",
				"${BUILT_PRODUCTS_DIR}/SDWebImage/SDWebImage.framework",
				"${BUILT_PRODUCTS_DIR}/SimpleKeychain/SimpleKeychain.framework",
				"${BUILT_PRODUCTS_DIR}/StreamingKit/StreamingKit.framework",
				"${BUILT_PRODUCTS_DIR}/p2.OAuth2/p2_OAuth2.framework",
			);
			name = "[CP] Embed Pods Frameworks";
			outputPaths = (
				"${TARGET_BUILD_DIR}/${FRAMEWORKS_FOLDER_PATH}/Alamofire.framework",
				"${TARGET_BUILD_DIR}/${FRAMEWORKS_FOLDER_PATH}/Auth0.framework",
				"${TARGET_BUILD_DIR}/${FRAMEWORKS_FOLDER_PATH}/FeedKit.framework",
				"${TARGET_BUILD_DIR}/${FRAMEWORKS_FOLDER_PATH}/Lock.framework",
				"${TARGET_BUILD_DIR}/${FRAMEWORKS_FOLDER_PATH}/ReachabilitySwift.framework",
				"${TARGET_BUILD_DIR}/${FRAMEWORKS_FOLDER_PATH}/SDWebImage.framework",
				"${TARGET_BUILD_DIR}/${FRAMEWORKS_FOLDER_PATH}/SimpleKeychain.framework",
				"${TARGET_BUILD_DIR}/${FRAMEWORKS_FOLDER_PATH}/StreamingKit.framework",
				"${TARGET_BUILD_DIR}/${FRAMEWORKS_FOLDER_PATH}/p2_OAuth2.framework",
			);
			runOnlyForDeploymentPostprocessing = 0;
			shellPath = /bin/sh;
			shellScript = "\"${SRCROOT}/Pods/Target Support Files/Pods-Podverse/Pods-Podverse-frameworks.sh\"\n";
			showEnvVarsInLog = 0;
		};
/* End PBXShellScriptBuildPhase section */

/* Begin PBXSourcesBuildPhase section */
		E79515D51E03853400382BF8 /* Sources */ = {
			isa = PBXSourcesBuildPhase;
			buildActionMask = 2147483647;
			files = (
				E7B2A5A41E12CC5A00AAE036 /* PodcastTableViewCell.swift in Sources */,
				E7B2A59D1E123A4400AAE036 /* UIViewController+InternetRequiredAlert.swift in Sources */,
				306370BE21110F3F009B4FEC /* URL+getQueryParamValue.swift in Sources */,
				3097AA911EE7C7D200AD0ED0 /* DownloadsTableViewController.swift in Sources */,
				301EA22D1F9DA371005A3DF2 /* FindBrowsePodcastsViewController.swift in Sources */,
				30DBD4D51F11DBFA00A431E6 /* FindSearchTableViewController.swift in Sources */,
				301EA22B1F9DA2B6005A3DF2 /* FindBrowseGroupsViewController.swift in Sources */,
				3097AA8F1EE7C1D500AD0ED0 /* ClipTableViewCell.swift in Sources */,
				30026D8D1F0B328000043D79 /* SettingsTableViewController.swift in Sources */,
				E7B2A5AA1E162AE400AAE036 /* Date+Formatters.swift in Sources */,
				E7B2A5AC1E162B8500AAE036 /* String+Formatters.swift in Sources */,
				E7B2A5971E11F95C00AAE036 /* PVMediaPlayer.swift in Sources */,
				309BFE161F0A04F8008D101B /* Array+rearrange.swift in Sources */,
				E7D25BD91E0F2DF800B60368 /* SearchPodcast.swift in Sources */,
				30CD6ADE2079689000D5C9C5 /* String+Utilities.swift in Sources */,
				E7B01EC31F8497CE00F61CB7 /* FiltersTableHeaderView.swift in Sources */,
				E7D25BD11E0F1CB000B60368 /* CoreDataHelper.swift in Sources */,
				E73AAFC91F7218FC0029EA77 /* UITableView+NotAvailableView.swift in Sources */,
				E7D25BCE1E0F184800B60368 /* Constants.swift in Sources */,
				30026D8F1F0C2A6000043D79 /* DownloadTableViewCell.swift in Sources */,
				30A56B201F5247C7007513F6 /* AddToPlaylistViewController.swift in Sources */,
				E7D25BC41E0F13D300B60368 /* Podcast.swift in Sources */,
				30934B5A1F9EDDE100B51CB4 /* SearchNetwork.swift in Sources */,
				E70E4A1F1E039047003CEC64 /* FindTableViewController.swift in Sources */,
				E7D25BC21E0F118C00B60368 /* PVFeedParser.swift in Sources */,
				E7D25BD41E0F23DB00B60368 /* Data+ResizeImageData.swift in Sources */,
				30B427F21EBE4CB100BAD942 /* PVSubscriber.swift in Sources */,
				E7B2A5A61E12D38200AAE036 /* String+CharacterManipulation.swift in Sources */,
				E76C49CA1E0F950E00F81217 /* DownloadingEpisode.swift in Sources */,
				300CF2561F305D53006C397D /* URL+Converters.swift in Sources */,
				30EB67781ECCAB2800C5AB80 /* MediaPlayerViewController.swift in Sources */,
				30DBD4D91F11F42B00A431E6 /* PodcastSearchResultTableViewCell.swift in Sources */,
				3048E88A1EDD1B1A001AADCE /* Int64+MediaPlayerString.swift in Sources */,
				30284E9020143077001C9CEF /* SyncablePodcast.swift in Sources */,
				E7D25BC61E0F141500B60368 /* Episode.swift in Sources */,
				E78BF9311E0FA64F002194FE /* PVReachability.swift in Sources */,
				30A2E571203B1A4F001713E3 /* UIViewController+AllowCellularDataDownloadsAlert.swift in Sources */,
				3048E8881EDA7124001AADCE /* MediaRef.swift in Sources */,
				30252FB9209584F5008C6FCC /* WebKitViewController.swift in Sources */,
				E7D25BC01E0F096A00B60368 /* PVTimeHelpers.swift in Sources */,
				30A0A4941F1AD6A500242F85 /* NowPlayingBar.swift in Sources */,
				E70E4A231E03907A003CEC64 /* MoreTableViewController.swift in Sources */,
				307F2BB11F81DDF800A0BD21 /* EpisodeTableViewController.swift in Sources */,
				3097AA8D1EE7BEC900AD0ED0 /* ClipsTableViewController.swift in Sources */,
				30CD6ADC2079673200D5C9C5 /* String+RemoveHTMLCharacters.swift in Sources */,
				3051488D1ED27534009BC839 /* PVPlayerHistoryManager.swift in Sources */,
				30A56B221F5247DF007513F6 /* MakeClipTimeViewController.swift in Sources */,
				E7E4714D1F1BD2A6007E66EF /* UITabbarController+PlayerView.swift in Sources */,
				E70E4A1A1E038F8F003CEC64 /* PodcastsTableViewController.swift in Sources */,
				30A575661EBECFF90088CCA6 /* EpisodesTableViewController.swift in Sources */,
				301E0E541F96F9510062BEA4 /* Utilities.swift in Sources */,
				30DBD4D31F11B05900A431E6 /* OAuth2RetryHandler.swift in Sources */,
				30934B581F9ED4A300B51CB4 /* SearchCategory.swift in Sources */,
				30A56B1C1F4EB575007513F6 /* PlaylistDetailTableViewCell.swift in Sources */,
				30EA456D1F68B48900573554 /* ClipEpisodeTableViewCell.swift in Sources */,
				30A56B1A1F4C00DB007513F6 /* PlaylistTableViewCell.swift in Sources */,
				3011B7171FC41E9D000EAE10 /* UIViewController+ShowToast.swift in Sources */,
				30EA456F1F68B49700573554 /* ClipPodcastTableViewCell.swift in Sources */,
				E7299F121F19368400AB3168 /* AboutPlayingItemViewController.swift in Sources */,
				30026D8B1F0B322000043D79 /* AboutViewController.swift in Sources */,
				E7D25BDC1E0F30C500B60368 /* podverse.xcdatamodeld in Sources */,
				E7B2A5A81E16246B00AAE036 /* LoginViewController.swift in Sources */,
				E7B2A59B1E12111500AAE036 /* URL+RemoteSize.swift in Sources */,
				E79515DD1E03853500382BF8 /* AppDelegate.swift in Sources */,
				3093DC281FC275BB0060DDC0 /* DeletingPodcasts.swift in Sources */,
				306370BC21053772009B4FEC /* String+MediaPlayerTimeToSeconds.swift in Sources */,
				E76C49C61E0F8DFE00F81217 /* PVDownloader.swift in Sources */,
				307EDB381F72244C009B230A /* ParsingPodcasts.swift in Sources */,
				E70E4A1D1E038FC6003CEC64 /* PlaylistsTableViewController.swift in Sources */,
				30A56B1E1F4EB6FC007513F6 /* PlaylistDetailTableViewController.swift in Sources */,
				3051488B1ED27251009BC839 /* PlayerHistoryItem.swift in Sources */,
				E7B2A5A11E123E9900AAE036 /* PVAuth.swift in Sources */,
				303D1CCC1F9BE7F600F25CDF /* SearchPodcastViewController.swift in Sources */,
				30C011132019DF8200E5E7E5 /* SearchEpisode.swift in Sources */,
				E7D25BCC1E0F176C00B60368 /* PVDeleter.swift in Sources */,
				E7AD9A981EDDF7160093F051 /* ClipsListContainerViewController.swift in Sources */,
				302D55111EC157960032D0A0 /* PVViewController.swift in Sources */,
				E76C49C81E0F94BF00F81217 /* DownloadingEpisodeList.swift in Sources */,
				30CD6ADA2079670000D5C9C5 /* Date+FeedsDate.swift in Sources */,
				E7D25BCA1E0F16B700B60368 /* Playlist.swift in Sources */,
				306370BA210522FC009B4FEC /* String+ConvertPlaybackTimeToUrlSchemeElements.swift in Sources */,
				30A575681EBED8360088CCA6 /* EpisodeTableViewCell.swift in Sources */,
			);
			runOnlyForDeploymentPostprocessing = 0;
		};
		E79515EB1E03853500382BF8 /* Sources */ = {
			isa = PBXSourcesBuildPhase;
			buildActionMask = 2147483647;
			files = (
				E79515F41E03853500382BF8 /* PodverseTests.swift in Sources */,
			);
			runOnlyForDeploymentPostprocessing = 0;
		};
		E79515F61E03853500382BF8 /* Sources */ = {
			isa = PBXSourcesBuildPhase;
			buildActionMask = 2147483647;
			files = (
				E79515FF1E03853500382BF8 /* PodverseUITests.swift in Sources */,
			);
			runOnlyForDeploymentPostprocessing = 0;
		};
/* End PBXSourcesBuildPhase section */

/* Begin PBXTargetDependency section */
		E79515F11E03853500382BF8 /* PBXTargetDependency */ = {
			isa = PBXTargetDependency;
			target = E79515D81E03853400382BF8 /* Podverse */;
			targetProxy = E79515F01E03853500382BF8 /* PBXContainerItemProxy */;
		};
		E79515FC1E03853500382BF8 /* PBXTargetDependency */ = {
			isa = PBXTargetDependency;
			target = E79515D81E03853400382BF8 /* Podverse */;
			targetProxy = E79515FB1E03853500382BF8 /* PBXContainerItemProxy */;
		};
/* End PBXTargetDependency section */

/* Begin PBXVariantGroup section */
		E79515E21E03853500382BF8 /* Main.storyboard */ = {
			isa = PBXVariantGroup;
			children = (
				E79515E31E03853500382BF8 /* Base */,
			);
			name = Main.storyboard;
			sourceTree = "<group>";
		};
		E79515E71E03853500382BF8 /* LaunchScreen.storyboard */ = {
			isa = PBXVariantGroup;
			children = (
				E79515E81E03853500382BF8 /* Base */,
			);
			name = LaunchScreen.storyboard;
			sourceTree = "<group>";
		};
/* End PBXVariantGroup section */

/* Begin XCBuildConfiguration section */
		E79516011E03853500382BF8 /* Debug */ = {
			isa = XCBuildConfiguration;
			buildSettings = {
				ALWAYS_SEARCH_USER_PATHS = NO;
				CLANG_ANALYZER_NONNULL = YES;
				CLANG_CXX_LANGUAGE_STANDARD = "gnu++0x";
				CLANG_CXX_LIBRARY = "libc++";
				CLANG_ENABLE_MODULES = YES;
				CLANG_ENABLE_OBJC_ARC = YES;
				CLANG_WARN_BLOCK_CAPTURE_AUTORELEASING = YES;
				CLANG_WARN_BOOL_CONVERSION = YES;
				CLANG_WARN_COMMA = YES;
				CLANG_WARN_CONSTANT_CONVERSION = YES;
				CLANG_WARN_DIRECT_OBJC_ISA_USAGE = YES_ERROR;
				CLANG_WARN_DOCUMENTATION_COMMENTS = YES;
				CLANG_WARN_EMPTY_BODY = YES;
				CLANG_WARN_ENUM_CONVERSION = YES;
				CLANG_WARN_INFINITE_RECURSION = YES;
				CLANG_WARN_INT_CONVERSION = YES;
				CLANG_WARN_NON_LITERAL_NULL_CONVERSION = YES;
				CLANG_WARN_OBJC_LITERAL_CONVERSION = YES;
				CLANG_WARN_OBJC_ROOT_CLASS = YES_ERROR;
				CLANG_WARN_RANGE_LOOP_ANALYSIS = YES;
				CLANG_WARN_STRICT_PROTOTYPES = YES;
				CLANG_WARN_SUSPICIOUS_MOVE = YES;
				CLANG_WARN_UNREACHABLE_CODE = YES;
				CLANG_WARN__DUPLICATE_METHOD_MATCH = YES;
				"CODE_SIGN_IDENTITY[sdk=iphoneos*]" = "iPhone Developer";
				COPY_PHASE_STRIP = NO;
				DEBUG_INFORMATION_FORMAT = dwarf;
				ENABLE_STRICT_OBJC_MSGSEND = YES;
				ENABLE_TESTABILITY = YES;
				GCC_C_LANGUAGE_STANDARD = gnu99;
				GCC_DYNAMIC_NO_PIC = NO;
				GCC_NO_COMMON_BLOCKS = YES;
				GCC_OPTIMIZATION_LEVEL = 0;
				GCC_PREPROCESSOR_DEFINITIONS = (
					"DEBUG=1",
					"$(inherited)",
				);
				GCC_WARN_64_TO_32_BIT_CONVERSION = YES;
				GCC_WARN_ABOUT_RETURN_TYPE = YES_ERROR;
				GCC_WARN_UNDECLARED_SELECTOR = YES;
				GCC_WARN_UNINITIALIZED_AUTOS = YES_AGGRESSIVE;
				GCC_WARN_UNUSED_FUNCTION = YES;
				GCC_WARN_UNUSED_VARIABLE = YES;
				IPHONEOS_DEPLOYMENT_TARGET = 11.0;
				MTL_ENABLE_DEBUG_INFO = YES;
				ONLY_ACTIVE_ARCH = YES;
				SDKROOT = iphoneos;
				SWIFT_ACTIVE_COMPILATION_CONDITIONS = DEBUG;
				SWIFT_OPTIMIZATION_LEVEL = "-Onone";
			};
			name = Debug;
		};
		E79516021E03853500382BF8 /* Release */ = {
			isa = XCBuildConfiguration;
			buildSettings = {
				ALWAYS_SEARCH_USER_PATHS = NO;
				CLANG_ANALYZER_NONNULL = YES;
				CLANG_CXX_LANGUAGE_STANDARD = "gnu++0x";
				CLANG_CXX_LIBRARY = "libc++";
				CLANG_ENABLE_MODULES = YES;
				CLANG_ENABLE_OBJC_ARC = YES;
				CLANG_WARN_BLOCK_CAPTURE_AUTORELEASING = YES;
				CLANG_WARN_BOOL_CONVERSION = YES;
				CLANG_WARN_COMMA = YES;
				CLANG_WARN_CONSTANT_CONVERSION = YES;
				CLANG_WARN_DIRECT_OBJC_ISA_USAGE = YES_ERROR;
				CLANG_WARN_DOCUMENTATION_COMMENTS = YES;
				CLANG_WARN_EMPTY_BODY = YES;
				CLANG_WARN_ENUM_CONVERSION = YES;
				CLANG_WARN_INFINITE_RECURSION = YES;
				CLANG_WARN_INT_CONVERSION = YES;
				CLANG_WARN_NON_LITERAL_NULL_CONVERSION = YES;
				CLANG_WARN_OBJC_LITERAL_CONVERSION = YES;
				CLANG_WARN_OBJC_ROOT_CLASS = YES_ERROR;
				CLANG_WARN_RANGE_LOOP_ANALYSIS = YES;
				CLANG_WARN_STRICT_PROTOTYPES = YES;
				CLANG_WARN_SUSPICIOUS_MOVE = YES;
				CLANG_WARN_UNREACHABLE_CODE = YES;
				CLANG_WARN__DUPLICATE_METHOD_MATCH = YES;
				"CODE_SIGN_IDENTITY[sdk=iphoneos*]" = "iPhone Developer";
				COPY_PHASE_STRIP = NO;
				DEBUG_INFORMATION_FORMAT = "dwarf-with-dsym";
				ENABLE_NS_ASSERTIONS = NO;
				ENABLE_STRICT_OBJC_MSGSEND = YES;
				GCC_C_LANGUAGE_STANDARD = gnu99;
				GCC_NO_COMMON_BLOCKS = YES;
				GCC_WARN_64_TO_32_BIT_CONVERSION = YES;
				GCC_WARN_ABOUT_RETURN_TYPE = YES_ERROR;
				GCC_WARN_UNDECLARED_SELECTOR = YES;
				GCC_WARN_UNINITIALIZED_AUTOS = YES_AGGRESSIVE;
				GCC_WARN_UNUSED_FUNCTION = YES;
				GCC_WARN_UNUSED_VARIABLE = YES;
				IPHONEOS_DEPLOYMENT_TARGET = 11.0;
				MTL_ENABLE_DEBUG_INFO = NO;
				SDKROOT = iphoneos;
				SWIFT_OPTIMIZATION_LEVEL = "-Owholemodule";
				VALIDATE_PRODUCT = YES;
			};
			name = Release;
		};
		E79516041E03853500382BF8 /* Debug */ = {
			isa = XCBuildConfiguration;
			baseConfigurationReference = 12ED43B686811072514ADBB3 /* Pods-Podverse.debug.xcconfig */;
			buildSettings = {
				ASSETCATALOG_COMPILER_APPICON_NAME = AppIcon;
				ASSETCATALOG_COMPILER_LAUNCHIMAGE_NAME = LaunchImage;
				CODE_SIGN_ENTITLEMENTS = Podverse/Podverse.entitlements;
				CODE_SIGN_IDENTITY = "iPhone Developer";
				"CODE_SIGN_IDENTITY[sdk=iphoneos*]" = "iPhone Developer";
				CODE_SIGN_STYLE = Automatic;
				DEVELOPMENT_TEAM = NVBK9KF43L;
				INFOPLIST_FILE = Podverse/Info.plist;
				LD_RUNPATH_SEARCH_PATHS = "$(inherited) @executable_path/Frameworks";
				PRODUCT_BUNDLE_IDENTIFIER = com.podverse.fm;
				PRODUCT_NAME = "$(TARGET_NAME)";
				PROVISIONING_PROFILE = "";
				PROVISIONING_PROFILE_SPECIFIER = "";
				SWIFT_SWIFT3_OBJC_INFERENCE = Default;
				SWIFT_VERSION = 4.0;
			};
			name = Debug;
		};
		E79516051E03853500382BF8 /* Release */ = {
			isa = XCBuildConfiguration;
			baseConfigurationReference = 5007D91FA0CDEDB84B7547F7 /* Pods-Podverse.release.xcconfig */;
			buildSettings = {
				ASSETCATALOG_COMPILER_APPICON_NAME = AppIcon;
				ASSETCATALOG_COMPILER_LAUNCHIMAGE_NAME = LaunchImage;
				CODE_SIGN_ENTITLEMENTS = Podverse/Podverse.entitlements;
				CODE_SIGN_IDENTITY = "iPhone Developer";
				"CODE_SIGN_IDENTITY[sdk=iphoneos*]" = "iPhone Developer";
				CODE_SIGN_STYLE = Automatic;
				DEVELOPMENT_TEAM = NVBK9KF43L;
				INFOPLIST_FILE = Podverse/Info.plist;
				LD_RUNPATH_SEARCH_PATHS = "$(inherited) @executable_path/Frameworks";
				PRODUCT_BUNDLE_IDENTIFIER = com.podverse.fm;
				PRODUCT_NAME = "$(TARGET_NAME)";
				PROVISIONING_PROFILE = "";
				PROVISIONING_PROFILE_SPECIFIER = "";
				SWIFT_SWIFT3_OBJC_INFERENCE = Default;
				SWIFT_VERSION = 4.0;
			};
			name = Release;
		};
		E79516071E03853500382BF8 /* Debug */ = {
			isa = XCBuildConfiguration;
			baseConfigurationReference = E50C69C930BEE7E8657F6A4F /* Pods-PodverseTests.debug.xcconfig */;
			buildSettings = {
				ALWAYS_EMBED_SWIFT_STANDARD_LIBRARIES = YES;
				BUNDLE_LOADER = "$(TEST_HOST)";
				DEVELOPMENT_TEAM = NVBK9KF43L;
				INFOPLIST_FILE = PodverseTests/Info.plist;
				LD_RUNPATH_SEARCH_PATHS = "$(inherited) @executable_path/Frameworks @loader_path/Frameworks";
				PRODUCT_BUNDLE_IDENTIFIER = com.podverse.PodverseTests;
				PRODUCT_NAME = "$(TARGET_NAME)";
				SWIFT_VERSION = 3.0;
				TEST_HOST = "$(BUILT_PRODUCTS_DIR)/Podverse.app/Podverse";
			};
			name = Debug;
		};
		E79516081E03853500382BF8 /* Release */ = {
			isa = XCBuildConfiguration;
			baseConfigurationReference = A45DC103B547FA995D1C0446 /* Pods-PodverseTests.release.xcconfig */;
			buildSettings = {
				ALWAYS_EMBED_SWIFT_STANDARD_LIBRARIES = YES;
				BUNDLE_LOADER = "$(TEST_HOST)";
				DEVELOPMENT_TEAM = NVBK9KF43L;
				INFOPLIST_FILE = PodverseTests/Info.plist;
				LD_RUNPATH_SEARCH_PATHS = "$(inherited) @executable_path/Frameworks @loader_path/Frameworks";
				PRODUCT_BUNDLE_IDENTIFIER = com.podverse.PodverseTests;
				PRODUCT_NAME = "$(TARGET_NAME)";
				SWIFT_VERSION = 3.0;
				TEST_HOST = "$(BUILT_PRODUCTS_DIR)/Podverse.app/Podverse";
			};
			name = Release;
		};
		E795160A1E03853500382BF8 /* Debug */ = {
			isa = XCBuildConfiguration;
			baseConfigurationReference = A4FFF81D5C6E2D32F4EC3F71 /* Pods-PodverseUITests.debug.xcconfig */;
			buildSettings = {
				ALWAYS_EMBED_SWIFT_STANDARD_LIBRARIES = YES;
				DEVELOPMENT_TEAM = NVBK9KF43L;
				INFOPLIST_FILE = PodverseUITests/Info.plist;
				LD_RUNPATH_SEARCH_PATHS = "$(inherited) @executable_path/Frameworks @loader_path/Frameworks";
				PRODUCT_BUNDLE_IDENTIFIER = com.podverse.PodverseUITests;
				PRODUCT_NAME = "$(TARGET_NAME)";
				SWIFT_VERSION = 3.0;
				TEST_TARGET_NAME = Podverse;
			};
			name = Debug;
		};
		E795160B1E03853500382BF8 /* Release */ = {
			isa = XCBuildConfiguration;
			baseConfigurationReference = F4ADFD588BD638518A3B7020 /* Pods-PodverseUITests.release.xcconfig */;
			buildSettings = {
				ALWAYS_EMBED_SWIFT_STANDARD_LIBRARIES = YES;
				DEVELOPMENT_TEAM = NVBK9KF43L;
				INFOPLIST_FILE = PodverseUITests/Info.plist;
				LD_RUNPATH_SEARCH_PATHS = "$(inherited) @executable_path/Frameworks @loader_path/Frameworks";
				PRODUCT_BUNDLE_IDENTIFIER = com.podverse.PodverseUITests;
				PRODUCT_NAME = "$(TARGET_NAME)";
				SWIFT_VERSION = 3.0;
				TEST_TARGET_NAME = Podverse;
			};
			name = Release;
		};
/* End XCBuildConfiguration section */

/* Begin XCConfigurationList section */
		E79515D41E03853400382BF8 /* Build configuration list for PBXProject "Podverse" */ = {
			isa = XCConfigurationList;
			buildConfigurations = (
				E79516011E03853500382BF8 /* Debug */,
				E79516021E03853500382BF8 /* Release */,
			);
			defaultConfigurationIsVisible = 0;
			defaultConfigurationName = Release;
		};
		E79516031E03853500382BF8 /* Build configuration list for PBXNativeTarget "Podverse" */ = {
			isa = XCConfigurationList;
			buildConfigurations = (
				E79516041E03853500382BF8 /* Debug */,
				E79516051E03853500382BF8 /* Release */,
			);
			defaultConfigurationIsVisible = 0;
			defaultConfigurationName = Release;
		};
		E79516061E03853500382BF8 /* Build configuration list for PBXNativeTarget "PodverseTests" */ = {
			isa = XCConfigurationList;
			buildConfigurations = (
				E79516071E03853500382BF8 /* Debug */,
				E79516081E03853500382BF8 /* Release */,
			);
			defaultConfigurationIsVisible = 0;
			defaultConfigurationName = Release;
		};
		E79516091E03853500382BF8 /* Build configuration list for PBXNativeTarget "PodverseUITests" */ = {
			isa = XCConfigurationList;
			buildConfigurations = (
				E795160A1E03853500382BF8 /* Debug */,
				E795160B1E03853500382BF8 /* Release */,
			);
			defaultConfigurationIsVisible = 0;
			defaultConfigurationName = Release;
		};
/* End XCConfigurationList section */

/* Begin XCVersionGroup section */
		E7D25BDA1E0F30C500B60368 /* podverse.xcdatamodeld */ = {
			isa = XCVersionGroup;
			children = (
				E7D25BDB1E0F30C500B60368 /* podverse.xcdatamodel */,
			);
			currentVersion = E7D25BDB1E0F30C500B60368 /* podverse.xcdatamodel */;
			path = podverse.xcdatamodeld;
			sourceTree = "<group>";
			versionGroupType = wrapper.xcdatamodel;
		};
/* End XCVersionGroup section */
	};
	rootObject = E79515D11E03853400382BF8 /* Project object */;
}
